{
  "name": "BANCO",
  "lockfileVersion": 2,
  "requires": true,
  "packages": {
    "": {
      "dependencies": {
        "vector-icons": "^0.1.0"
      }
    },
    "node_modules/@angular/animations": {
      "version": "13.2.7",
      "resolved": "https://registry.npmjs.org/@angular/animations/-/animations-13.2.7.tgz",
      "integrity": "sha512-FthGqRPQ1AOcOx/NIW65xeFYkQZJ7PpXcX59Kt+qkoUzngAQEY+UUpOteG52tmL0iZSVwOCjtxRFi9w4heVgEg==",
      "dependencies": {
        "tslib": "^2.3.0"
      },
      "engines": {
        "node": "^12.20.0 || ^14.15.0 || >=16.10.0"
      },
      "peerDependencies": {
        "@angular/core": "13.2.7"
      }
    },
    "node_modules/@angular/common": {
      "version": "13.2.7",
      "resolved": "https://registry.npmjs.org/@angular/common/-/common-13.2.7.tgz",
      "integrity": "sha512-gSkv9aMz5q2ynIqSwgp5HEVVwlmpMYGVZFNZnEnezGY96Hza0eXlb/AYdqO7S3VQVvx+FXpvXP/eq/SsCw7rFA==",
      "dependencies": {
        "tslib": "^2.3.0"
      },
      "engines": {
        "node": "^12.20.0 || ^14.15.0 || >=16.10.0"
      },
      "peerDependencies": {
        "@angular/core": "13.2.7",
        "rxjs": "^6.5.3 || ^7.4.0"
      }
    },
    "node_modules/@angular/compiler": {
      "version": "13.2.7",
      "resolved": "https://registry.npmjs.org/@angular/compiler/-/compiler-13.2.7.tgz",
      "integrity": "sha512-auRMo+k+xCQmIBkZ5UgkAAmhbpcoOUWQrJN2PQnPl88DPquui3tXC4R6RANpWCu59oT8m29FQMviHcN3ZTFl6Q==",
      "dependencies": {
        "tslib": "^2.3.0"
      },
      "engines": {
        "node": "^12.20.0 || ^14.15.0 || >=16.10.0"
      }
    },
    "node_modules/@angular/core": {
      "version": "13.2.7",
      "resolved": "https://registry.npmjs.org/@angular/core/-/core-13.2.7.tgz",
      "integrity": "sha512-6J6C2ymIy+cZudock25BLEZFckhqFfXOSZw5YBIoAJuntV4hckLNfRTn/dxn5qmWF/Vw60NKdhV367YYejz6Gg==",
      "dependencies": {
        "tslib": "^2.3.0"
      },
      "engines": {
        "node": "^12.20.0 || ^14.15.0 || >=16.10.0"
      },
      "peerDependencies": {
        "rxjs": "^6.5.3 || ^7.4.0",
        "zone.js": "~0.11.4"
      }
    },
    "node_modules/@angular/forms": {
      "version": "13.2.7",
      "resolved": "https://registry.npmjs.org/@angular/forms/-/forms-13.2.7.tgz",
      "integrity": "sha512-Did5ShmHTu52cljmNtMxUBUGEYHJ/FV5ZpKhbI7sd/VSFhXp9KWYUbfma0m7+CUJMGmpt6bmDaN0G2WS8Es1LQ==",
      "dependencies": {
        "tslib": "^2.3.0"
      },
      "engines": {
        "node": "^12.20.0 || ^14.15.0 || >=16.10.0"
      },
      "peerDependencies": {
        "@angular/common": "13.2.7",
        "@angular/core": "13.2.7",
        "@angular/platform-browser": "13.2.7",
        "rxjs": "^6.5.3 || ^7.4.0"
      }
    },
    "node_modules/@angular/platform-browser": {
      "version": "13.2.7",
      "resolved": "https://registry.npmjs.org/@angular/platform-browser/-/platform-browser-13.2.7.tgz",
      "integrity": "sha512-3rpeS2n+mfey9FqJg/NQKPiyHC47vgldWXmuz5FmOCHrOY54AaFfoiwQcdxzh6Lxx/CUVm0TlOS8S/xI9iEqXw==",
      "dependencies": {
        "tslib": "^2.3.0"
      },
      "engines": {
        "node": "^12.20.0 || ^14.15.0 || >=16.10.0"
      },
      "peerDependencies": {
        "@angular/animations": "13.2.7",
        "@angular/common": "13.2.7",
        "@angular/core": "13.2.7"
      },
      "peerDependenciesMeta": {
        "@angular/animations": {
          "optional": true
        }
      }
    },
    "node_modules/@angular/platform-browser-dynamic": {
      "version": "13.2.7",
      "resolved": "https://registry.npmjs.org/@angular/platform-browser-dynamic/-/platform-browser-dynamic-13.2.7.tgz",
      "integrity": "sha512-3tKiUohQ8wl4hp1zYLKvMJ7GVYpg2K5dRrihtUKkJk8xUv3iuTUI0wbNCrUDZkrWc0GMhnQNXwE22gd+hKjfKg==",
      "dependencies": {
        "tslib": "^2.3.0"
      },
      "engines": {
        "node": "^12.20.0 || ^14.15.0 || >=16.10.0"
      },
      "peerDependencies": {
        "@angular/common": "13.2.7",
        "@angular/compiler": "13.2.7",
        "@angular/core": "13.2.7",
        "@angular/platform-browser": "13.2.7"
      }
    },
    "node_modules/@angular/router": {
      "version": "13.2.7",
      "resolved": "https://registry.npmjs.org/@angular/router/-/router-13.2.7.tgz",
      "integrity": "sha512-VzEFKyUE8CR23IbmAjmcSFY6pa4NsjaaTqT4mDYhzFeYc7R0s58Ow9d4Fy+0sWX6rzys01rcVNCg+ifJAnwYZA==",
      "dependencies": {
        "tslib": "^2.3.0"
      },
      "engines": {
        "node": "^12.20.0 || ^14.15.0 || >=16.10.0"
      },
      "peerDependencies": {
        "@angular/common": "13.2.7",
        "@angular/core": "13.2.7",
        "@angular/platform-browser": "13.2.7",
        "rxjs": "^6.5.3 || ^7.4.0"
      }
    },
    "node_modules/rxjs": {
      "version": "7.5.7",
      "resolved": "https://registry.npmjs.org/rxjs/-/rxjs-7.5.7.tgz",
      "integrity": "sha512-z9MzKh/UcOqB3i20H6rtrlaE/CgjLOvheWK/9ILrbhROGTweAi1BaFsTT9FbwZi5Trr1qNRs+MXkhmR06awzQA==",
      "dependencies": {
        "tslib": "^2.1.0"
      }
    },
    "node_modules/tslib": {
      "version": "2.5.0",
      "resolved": "https://registry.npmjs.org/tslib/-/tslib-2.5.0.tgz",
      "integrity": "sha512-336iVw3rtn2BUK7ORdIAHTyxHGRIHVReokCR3XjbckJMK7ms8FysBfhLR8IXnAgy7T0PTPNBWKiH514FOW/WSg=="
    },
    "node_modules/vector-icons": {
      "version": "0.1.0",
      "resolved": "https://registry.npmjs.org/vector-icons/-/vector-icons-0.1.0.tgz",
      "integrity": "sha512-Ng7y5hnYs+gN7vrMrE64tmxHOdUispHM2Hx3vm4WJo1G9M530C8J8Hcfh/UnXwPIsD181GIwzX2abq8ylMsmOQ==",
      "dependencies": {
        "@angular/animations": "~13.2.0",
        "@angular/common": "~13.2.0",
        "@angular/compiler": "~13.2.0",
        "@angular/core": "~13.2.0",
        "@angular/forms": "~13.2.0",
        "@angular/platform-browser": "~13.2.0",
        "@angular/platform-browser-dynamic": "~13.2.0",
        "@angular/router": "~13.2.0",
        "rxjs": "~7.5.0",
        "tslib": "^2.3.0",
        "zone.js": "~0.11.4"
      }
    },
    "node_modules/zone.js": {
      "version": "0.11.8",
      "resolved": "https://registry.npmjs.org/zone.js/-/zone.js-0.11.8.tgz",
      "integrity": "sha512-82bctBg2hKcEJ21humWIkXRlLBBmrc3nN7DFh5LGGhcyycO2S7FN8NmdvlcKaGFDNVL4/9kFLmwmInTavdJERA==",
      "dependencies": {
        "tslib": "^2.3.0"
      }
    }
  },
  "dependencies": {
    "@angular/animations": {
      "version": "13.2.7",
      "resolved": "https://registry.npmjs.org/@angular/animations/-/animations-13.2.7.tgz",
      "integrity": "sha512-FthGqRPQ1AOcOx/NIW65xeFYkQZJ7PpXcX59Kt+qkoUzngAQEY+UUpOteG52tmL0iZSVwOCjtxRFi9w4heVgEg==",
      "requires": {
        "tslib": "^2.3.0"
      }
    },
    "@angular/common": {
      "version": "13.2.7",
      "resolved": "https://registry.npmjs.org/@angular/common/-/common-13.2.7.tgz",
      "integrity": "sha512-gSkv9aMz5q2ynIqSwgp5HEVVwlmpMYGVZFNZnEnezGY96Hza0eXlb/AYdqO7S3VQVvx+FXpvXP/eq/SsCw7rFA==",
      "requires": {
        "tslib": "^2.3.0"
      }
    },
    "@angular/compiler": {
      "version": "13.2.7",
      "resolved": "https://registry.npmjs.org/@angular/compiler/-/compiler-13.2.7.tgz",
      "integrity": "sha512-auRMo+k+xCQmIBkZ5UgkAAmhbpcoOUWQrJN2PQnPl88DPquui3tXC4R6RANpWCu59oT8m29FQMviHcN3ZTFl6Q==",
      "requires": {
        "tslib": "^2.3.0"
      }
    },
    "@angular/core": {
      "version": "13.2.7",
      "resolved": "https://registry.npmjs.org/@angular/core/-/core-13.2.7.tgz",
      "integrity": "sha512-6J6C2ymIy+cZudock25BLEZFckhqFfXOSZw5YBIoAJuntV4hckLNfRTn/dxn5qmWF/Vw60NKdhV367YYejz6Gg==",
      "requires": {
        "tslib": "^2.3.0"
      }
    },
    "@angular/forms": {
      "version": "13.2.7",
      "resolved": "https://registry.npmjs.org/@angular/forms/-/forms-13.2.7.tgz",
      "integrity": "sha512-Did5ShmHTu52cljmNtMxUBUGEYHJ/FV5ZpKhbI7sd/VSFhXp9KWYUbfma0m7+CUJMGmpt6bmDaN0G2WS8Es1LQ==",
      "requires": {
        "tslib": "^2.3.0"
      }
    },
    "@angular/platform-browser": {
      "version": "13.2.7",
      "resolved": "https://registry.npmjs.org/@angular/platform-browser/-/platform-browser-13.2.7.tgz",
      "integrity": "sha512-3rpeS2n+mfey9FqJg/NQKPiyHC47vgldWXmuz5FmOCHrOY54AaFfoiwQcdxzh6Lxx/CUVm0TlOS8S/xI9iEqXw==",
      "requires": {
        "tslib": "^2.3.0"
      }
    },
    "@angular/platform-browser-dynamic": {
      "version": "13.2.7",
      "resolved": "https://registry.npmjs.org/@angular/platform-browser-dynamic/-/platform-browser-dynamic-13.2.7.tgz",
      "integrity": "sha512-3tKiUohQ8wl4hp1zYLKvMJ7GVYpg2K5dRrihtUKkJk8xUv3iuTUI0wbNCrUDZkrWc0GMhnQNXwE22gd+hKjfKg==",
      "requires": {
        "tslib": "^2.3.0"
      }
    },
    "@angular/router": {
      "version": "13.2.7",
      "resolved": "https://registry.npmjs.org/@angular/router/-/router-13.2.7.tgz",
      "integrity": "sha512-VzEFKyUE8CR23IbmAjmcSFY6pa4NsjaaTqT4mDYhzFeYc7R0s58Ow9d4Fy+0sWX6rzys01rcVNCg+ifJAnwYZA==",
      "requires": {
        "tslib": "^2.3.0"
      }
    },
    "rxjs": {
      "version": "7.5.7",
      "resolved": "https://registry.npmjs.org/rxjs/-/rxjs-7.5.7.tgz",
      "integrity": "sha512-z9MzKh/UcOqB3i20H6rtrlaE/CgjLOvheWK/9ILrbhROGTweAi1BaFsTT9FbwZi5Trr1qNRs+MXkhmR06awzQA==",
      "requires": {
        "tslib": "^2.1.0"
      }
    },
    "tslib": {
      "version": "2.5.0",
      "resolved": "https://registry.npmjs.org/tslib/-/tslib-2.5.0.tgz",
      "integrity": "sha512-336iVw3rtn2BUK7ORdIAHTyxHGRIHVReokCR3XjbckJMK7ms8FysBfhLR8IXnAgy7T0PTPNBWKiH514FOW/WSg=="
    },
    "vector-icons": {
      "version": "0.1.0",
      "resolved": "https://registry.npmjs.org/vector-icons/-/vector-icons-0.1.0.tgz",
      "integrity": "sha512-Ng7y5hnYs+gN7vrMrE64tmxHOdUispHM2Hx3vm4WJo1G9M530C8J8Hcfh/UnXwPIsD181GIwzX2abq8ylMsmOQ==",
      "requires": {
        "@angular/animations": "~13.2.0",
        "@angular/common": "~13.2.0",
        "@angular/compiler": "~13.2.0",
        "@angular/core": "~13.2.0",
        "@angular/forms": "~13.2.0",
        "@angular/platform-browser": "~13.2.0",
        "@angular/platform-browser-dynamic": "~13.2.0",
        "@angular/router": "~13.2.0",
        "rxjs": "~7.5.0",
        "tslib": "^2.3.0",
        "zone.js": "~0.11.4"
      }
    },
    "zone.js": {
      "version": "0.11.8",
      "resolved": "https://registry.npmjs.org/zone.js/-/zone.js-0.11.8.tgz",
      "integrity": "sha512-82bctBg2hKcEJ21humWIkXRlLBBmrc3nN7DFh5LGGhcyycO2S7FN8NmdvlcKaGFDNVL4/9kFLmwmInTavdJERA==",
      "requires": {
        "tslib": "^2.3.0"
      }
    }
  }
}
